
Microsoft Visual Studio Solution File, Format Version 12.00
# Visual Studio Version 16
VisualStudioVersion = 16.0.30523.141
MinimumVisualStudioVersion = 10.0.40219.1
Project("{FAE04EC0-301F-11D3-BF4B-00C04F79EFBC}") = "ImagesProcessing", "ImagesProcessing\ImagesProcessing.csproj", "{A239DDA1-3227-41FD-A8D7-C999DEA7E65C}"
	ProjectSection(ProjectDependencies) = postProject
		{DECF56E3-5AD9-48A0-8834-B4F593971B44} = {DECF56E3-5AD9-48A0-8834-B4F593971B44}
	EndProjectSection
EndProject
Project("{FAE04EC0-301F-11D3-BF4B-00C04F79EFBC}") = "ImagesProcessingModel", "ImagesProcessingModel\ImagesProcessingModel.csproj", "{DECF56E3-5AD9-48A0-8834-B4F593971B44}"
EndProject
Global
	GlobalSection(SolutionConfigurationPlatforms) = preSolution
		Debug|Any CPU = Debug|Any CPU
		Release|Any CPU = Release|Any CPU
	EndGlobalSection
	GlobalSection(ProjectConfigurationPlatforms) = postSolution
		{A239DDA1-3227-41FD-A8D7-C999DEA7E65C}.Debug|Any CPU.ActiveCfg = Debug|Any CPU
		{A239DDA1-3227-41FD-A8D7-C999DEA7E65C}.Debug|Any CPU.Build.0 = Debug|Any CPU
		{A239DDA1-3227-41FD-A8D7-C999DEA7E65C}.Release|Any CPU.ActiveCfg = Release|Any CPU
		{A239DDA1-3227-41FD-A8D7-C999DEA7E65C}.Release|Any CPU.Build.0 = Release|Any CPU
		{DECF56E3-5AD9-48A0-8834-B4F593971B44}.Debug|Any CPU.ActiveCfg = Debug|Any CPU
		{DECF56E3-5AD9-48A0-8834-B4F593971B44}.Debug|Any CPU.Build.0 = Debug|Any CPU
		{DECF56E3-5AD9-48A0-8834-B4F593971B44}.Release|Any CPU.ActiveCfg = Release|Any CPU
		{DECF56E3-5AD9-48A0-8834-B4F593971B44}.Release|Any CPU.Build.0 = Release|Any CPU
	EndGlobalSection
	GlobalSection(SolutionProperties) = preSolution
		HideSolutionNode = FALSE
	EndGlobalSection
	GlobalSection(ExtensibilityGlobals) = postSolution
		SolutionGuid = {F210556A-A0DF-406C-8D72-6ADD99BE8781}
	EndGlobalSection
EndGlobal
